
Microsoft Visual Studio Solution File, Format Version 12.00
# Visual Studio 15
VisualStudioVersion = 15.0.27130.2003
MinimumVisualStudioVersion = 10.0.40219.1
Project("{FAE04EC0-301F-11D3-BF4B-00C04F79EFBC}") = "Practice.WCF.WindowsClient", "Practice.WCF.WindowsClient\Practice.WCF.WindowsClient.csproj", "{5159C8F4-01E5-4FF8-9F17-C82324C9DC39}"
EndProject
Project("{FAE04EC0-301F-11D3-BF4B-00C04F79EFBC}") = "Practice.WCF.WebClient", "Practice.WCF.WebClient\Practice.WCF.WebClient.csproj", "{EF8D9324-179C-4401-BEC9-E12BC936285A}"
EndProject
Global
	GlobalSection(SolutionConfigurationPlatforms) = preSolution
		Debug|Any CPU = Debug|Any CPU
		Release|Any CPU = Release|Any CPU
	EndGlobalSection
	GlobalSection(ProjectConfigurationPlatforms) = postSolution
		{5159C8F4-01E5-4FF8-9F17-C82324C9DC39}.Debug|Any CPU.ActiveCfg = Debug|Any CPU
		{5159C8F4-01E5-4FF8-9F17-C82324C9DC39}.Debug|Any CPU.Build.0 = Debug|Any CPU
		{5159C8F4-01E5-4FF8-9F17-C82324C9DC39}.Release|Any CPU.ActiveCfg = Release|Any CPU
		{5159C8F4-01E5-4FF8-9F17-C82324C9DC39}.Release|Any CPU.Build.0 = Release|Any CPU
		{EF8D9324-179C-4401-BEC9-E12BC936285A}.Debug|Any CPU.ActiveCfg = Debug|Any CPU
		{EF8D9324-179C-4401-BEC9-E12BC936285A}.Debug|Any CPU.Build.0 = Debug|Any CPU
		{EF8D9324-179C-4401-BEC9-E12BC936285A}.Release|Any CPU.ActiveCfg = Release|Any CPU
		{EF8D9324-179C-4401-BEC9-E12BC936285A}.Release|Any CPU.Build.0 = Release|Any CPU
	EndGlobalSection
	GlobalSection(SolutionProperties) = preSolution
		HideSolutionNode = FALSE
	EndGlobalSection
	GlobalSection(ExtensibilityGlobals) = postSolution
		SolutionGuid = {06D3CE69-9AD9-45EE-A0DF-25A3176F6401}
	EndGlobalSection
EndGlobal
